
Microsoft Visual Studio Solution File, Format Version 12.00
# Visual Studio Version 17
VisualStudioVersion = 17.13.35913.81
MinimumVisualStudioVersion = 10.0.40219.1
Project("{FAE04EC0-301F-11D3-BF4B-00C04F79EFBC}") = "SmartTweaks For Windows 11", "SmartTweaks For Windows 11\SmartTweaks For Windows 11.csproj", "{EF45754D-8F25-4E6E-8B04-B72C74DCB77A}"
EndProject
Global
	GlobalSection(SolutionConfigurationPlatforms) = preSolution
		Debug|Any CPU = Debug|Any CPU
		Debug|x64 = Debug|x64
		Release|Any CPU = Release|Any CPU
		Release|x64 = Release|x64
	EndGlobalSection
	GlobalSection(ProjectConfigurationPlatforms) = postSolution
		{EF45754D-8F25-4E6E-8B04-B72C74DCB77A}.Debug|Any CPU.ActiveCfg = Debug|Any CPU
		{EF45754D-8F25-4E6E-8B04-B72C74DCB77A}.Debug|Any CPU.Build.0 = Debug|Any CPU
		{EF45754D-8F25-4E6E-8B04-B72C74DCB77A}.Debug|x64.ActiveCfg = Debug|x64
		{EF45754D-8F25-4E6E-8B04-B72C74DCB77A}.Debug|x64.Build.0 = Debug|x64
		{EF45754D-8F25-4E6E-8B04-B72C74DCB77A}.Release|Any CPU.ActiveCfg = Release|Any CPU
		{EF45754D-8F25-4E6E-8B04-B72C74DCB77A}.Release|Any CPU.Build.0 = Release|Any CPU
		{EF45754D-8F25-4E6E-8B04-B72C74DCB77A}.Release|x64.ActiveCfg = Release|x64
		{EF45754D-8F25-4E6E-8B04-B72C74DCB77A}.Release|x64.Build.0 = Release|x64
	EndGlobalSection
	GlobalSection(SolutionProperties) = preSolution
		HideSolutionNode = FALSE
	EndGlobalSection
	GlobalSection(ExtensibilityGlobals) = postSolution
		SolutionGuid = {989DDA74-42E6-416E-B407-72AAAFDC939A}
	EndGlobalSection
EndGlobal
